
Microsoft Visual Studio Solution File, Format Version 12.00
# Visual Studio Version 17
VisualStudioVersion = 17.10.35027.167
MinimumVisualStudioVersion = 10.0.40219.1
Project("{FAE04EC0-301F-11D3-BF4B-00C04F79EFBC}") = "PROYECETO", "frmAdmin\PROYECETO.csproj", "{C401E1FB-E300-4A24-BE6F-922FD91E38F5}"
EndProject
Global
	GlobalSection(SolutionConfigurationPlatforms) = preSolution
		Debug|Any CPU = Debug|Any CPU
		Release|Any CPU = Release|Any CPU
	EndGlobalSection
	GlobalSection(ProjectConfigurationPlatforms) = postSolution
		{C401E1FB-E300-4A24-BE6F-922FD91E38F5}.Debug|Any CPU.ActiveCfg = Debug|Any CPU
		{C401E1FB-E300-4A24-BE6F-922FD91E38F5}.Debug|Any CPU.Build.0 = Debug|Any CPU
		{C401E1FB-E300-4A24-BE6F-922FD91E38F5}.Release|Any CPU.ActiveCfg = Release|Any CPU
		{C401E1FB-E300-4A24-BE6F-922FD91E38F5}.Release|Any CPU.Build.0 = Release|Any CPU
	EndGlobalSection
	GlobalSection(SolutionProperties) = preSolution
		HideSolutionNode = FALSE
	EndGlobalSection
	GlobalSection(ExtensibilityGlobals) = postSolution
		SolutionGuid = {75688FC3-6FAE-4FF1-8ED0-7447AE333CC9}
	EndGlobalSection
EndGlobal
